// !$*UTF8*$!
{
	archiveVersion = 1;
	classes = {
	};
	objectVersion = 56;
	objects = {

/* Begin PBXBuildFile section */
		88A9D7D62A5C5CFA00D4EEFF /* AppDelegate.swift in Sources */ = {isa = PBXBuildFile; fileRef = 88A9D7D52A5C5CFA00D4EEFF /* AppDelegate.swift */; };
		88A9D7D82A5C5CFA00D4EEFF /* SceneDelegate.swift in Sources */ = {isa = PBXBuildFile; fileRef = 88A9D7D72A5C5CFA00D4EEFF /* SceneDelegate.swift */; };
		88A9D7DA2A5C5CFA00D4EEFF /* MenuViewController.swift in Sources */ = {isa = PBXBuildFile; fileRef = 88A9D7D92A5C5CFA00D4EEFF /* MenuViewController.swift */; };
		88A9D7DD2A5C5CFA00D4EEFF /* Main.storyboard in Resources */ = {isa = PBXBuildFile; fileRef = 88A9D7DB2A5C5CFA00D4EEFF /* Main.storyboard */; };
		88A9D7DF2A5C5CFC00D4EEFF /* Assets.xcassets in Resources */ = {isa = PBXBuildFile; fileRef = 88A9D7DE2A5C5CFC00D4EEFF /* Assets.xcassets */; };
		88A9D7E22A5C5CFC00D4EEFF /* LaunchScreen.storyboard in Resources */ = {isa = PBXBuildFile; fileRef = 88A9D7E02A5C5CFC00D4EEFF /* LaunchScreen.storyboard */; };
		88A9D7ED2A5C5CFC00D4EEFF /* SimonTests.swift in Sources */ = {isa = PBXBuildFile; fileRef = 88A9D7EC2A5C5CFC00D4EEFF /* SimonTests.swift */; };
		88A9D7F72A5C5CFC00D4EEFF /* SimonUITests.swift in Sources */ = {isa = PBXBuildFile; fileRef = 88A9D7F62A5C5CFC00D4EEFF /* SimonUITests.swift */; };
		88A9D7F92A5C5CFC00D4EEFF /* SimonUITestsLaunchTests.swift in Sources */ = {isa = PBXBuildFile; fileRef = 88A9D7F82A5C5CFC00D4EEFF /* SimonUITestsLaunchTests.swift */; };
		88A9D8062A5DEB1200D4EEFF /* HighScore.swift in Sources */ = {isa = PBXBuildFile; fileRef = 88A9D8052A5DEB1200D4EEFF /* HighScore.swift */; };
		88A9D8082A5DEE3100D4EEFF /* ScoreController.swift in Sources */ = {isa = PBXBuildFile; fileRef = 88A9D8072A5DEE3100D4EEFF /* ScoreController.swift */; };
		88A9D80A2A5EDB6600D4EEFF /* GameBoardViewController.swift in Sources */ = {isa = PBXBuildFile; fileRef = 88A9D8092A5EDB6600D4EEFF /* GameBoardViewController.swift */; };
		88A9D80F2A5EFF3200D4EEFF /* GameBrain.swift in Sources */ = {isa = PBXBuildFile; fileRef = 88A9D80E2A5EFF3200D4EEFF /* GameBrain.swift */; };
		88A9D8112A5F18A600D4EEFF /* ColoredButton.swift in Sources */ = {isa = PBXBuildFile; fileRef = 88A9D8102A5F18A600D4EEFF /* ColoredButton.swift */; };
/* End PBXBuildFile section */

/* Begin PBXContainerItemProxy section */
		88A9D7E92A5C5CFC00D4EEFF /* PBXContainerItemProxy */ = {
			isa = PBXContainerItemProxy;
			containerPortal = 88A9D7CA2A5C5CFA00D4EEFF /* Project object */;
			proxyType = 1;
			remoteGlobalIDString = 88A9D7D12A5C5CFA00D4EEFF;
			remoteInfo = Simon;
		};
		88A9D7F32A5C5CFC00D4EEFF /* PBXContainerItemProxy */ = {
			isa = PBXContainerItemProxy;
			containerPortal = 88A9D7CA2A5C5CFA00D4EEFF /* Project object */;
			proxyType = 1;
			remoteGlobalIDString = 88A9D7D12A5C5CFA00D4EEFF;
			remoteInfo = Simon;
		};
/* End PBXContainerItemProxy section */

/* Begin PBXFileReference section */
		88A9D7D22A5C5CFA00D4EEFF /* Simon.app */ = {isa = PBXFileReference; explicitFileType = wrapper.application; includeInIndex = 0; path = Simon.app; sourceTree = BUILT_PRODUCTS_DIR; };
		88A9D7D52A5C5CFA00D4EEFF /* AppDelegate.swift */ = {isa = PBXFileReference; lastKnownFileType = sourcecode.swift; path = AppDelegate.swift; sourceTree = "<group>"; };
		88A9D7D72A5C5CFA00D4EEFF /* SceneDelegate.swift */ = {isa = PBXFileReference; lastKnownFileType = sourcecode.swift; path = SceneDelegate.swift; sourceTree = "<group>"; };
		88A9D7D92A5C5CFA00D4EEFF /* MenuViewController.swift */ = {isa = PBXFileReference; lastKnownFileType = sourcecode.swift; path = MenuViewController.swift; sourceTree = "<group>"; };
		88A9D7DC2A5C5CFA00D4EEFF /* Base */ = {isa = PBXFileReference; lastKnownFileType = file.storyboard; name = Base; path = Base.lproj/Main.storyboard; sourceTree = "<group>"; };
		88A9D7DE2A5C5CFC00D4EEFF /* Assets.xcassets */ = {isa = PBXFileReference; lastKnownFileType = folder.assetcatalog; path = Assets.xcassets; sourceTree = "<group>"; };
		88A9D7E12A5C5CFC00D4EEFF /* Base */ = {isa = PBXFileReference; lastKnownFileType = file.storyboard; name = Base; path = Base.lproj/LaunchScreen.storyboard; sourceTree = "<group>"; };
		88A9D7E32A5C5CFC00D4EEFF /* Info.plist */ = {isa = PBXFileReference; lastKnownFileType = text.plist.xml; path = Info.plist; sourceTree = "<group>"; };
		88A9D7E82A5C5CFC00D4EEFF /* SimonTests.xctest */ = {isa = PBXFileReference; explicitFileType = wrapper.cfbundle; includeInIndex = 0; path = SimonTests.xctest; sourceTree = BUILT_PRODUCTS_DIR; };
		88A9D7EC2A5C5CFC00D4EEFF /* SimonTests.swift */ = {isa = PBXFileReference; lastKnownFileType = sourcecode.swift; path = SimonTests.swift; sourceTree = "<group>"; };
		88A9D7F22A5C5CFC00D4EEFF /* SimonUITests.xctest */ = {isa = PBXFileReference; explicitFileType = wrapper.cfbundle; includeInIndex = 0; path = SimonUITests.xctest; sourceTree = BUILT_PRODUCTS_DIR; };
		88A9D7F62A5C5CFC00D4EEFF /* SimonUITests.swift */ = {isa = PBXFileReference; lastKnownFileType = sourcecode.swift; path = SimonUITests.swift; sourceTree = "<group>"; };
		88A9D7F82A5C5CFC00D4EEFF /* SimonUITestsLaunchTests.swift */ = {isa = PBXFileReference; lastKnownFileType = sourcecode.swift; path = SimonUITestsLaunchTests.swift; sourceTree = "<group>"; };
		88A9D8052A5DEB1200D4EEFF /* HighScore.swift */ = {isa = PBXFileReference; lastKnownFileType = sourcecode.swift; path = HighScore.swift; sourceTree = "<group>"; };
		88A9D8072A5DEE3100D4EEFF /* ScoreController.swift */ = {isa = PBXFileReference; lastKnownFileType = sourcecode.swift; path = ScoreController.swift; sourceTree = "<group>"; };
		88A9D8092A5EDB6600D4EEFF /* GameBoardViewController.swift */ = {isa = PBXFileReference; lastKnownFileType = sourcecode.swift; path = GameBoardViewController.swift; sourceTree = "<group>"; };
		88A9D80E2A5EFF3200D4EEFF /* GameBrain.swift */ = {isa = PBXFileReference; lastKnownFileType = sourcecode.swift; path = GameBrain.swift; sourceTree = "<group>"; };
		88A9D8102A5F18A600D4EEFF /* ColoredButton.swift */ = {isa = PBXFileReference; lastKnownFileType = sourcecode.swift; path = ColoredButton.swift; sourceTree = "<group>"; };
/* End PBXFileReference section */

/* Begin PBXFrameworksBuildPhase section */
		88A9D7CF2A5C5CFA00D4EEFF /* Frameworks */ = {
			isa = PBXFrameworksBuildPhase;
			buildActionMask = 2147483647;
			files = (
			);
			runOnlyForDeploymentPostprocessing = 0;
		};
		88A9D7E52A5C5CFC00D4EEFF /* Frameworks */ = {
			isa = PBXFrameworksBuildPhase;
			buildActionMask = 2147483647;
			files = (
			);
			runOnlyForDeploymentPostprocessing = 0;
		};
		88A9D7EF2A5C5CFC00D4EEFF /* Frameworks */ = {
			isa = PBXFrameworksBuildPhase;
			buildActionMask = 2147483647;
			files = (
			);
			runOnlyForDeploymentPostprocessing = 0;
		};
/* End PBXFrameworksBuildPhase section */

/* Begin PBXGroup section */
		88A9D7C92A5C5CFA00D4EEFF = {
			isa = PBXGroup;
			children = (
				88A9D7D42A5C5CFA00D4EEFF /* Simon */,
				88A9D7EB2A5C5CFC00D4EEFF /* SimonTests */,
				88A9D7F52A5C5CFC00D4EEFF /* SimonUITests */,
				88A9D7D32A5C5CFA00D4EEFF /* Products */,
			);
			sourceTree = "<group>";
		};
		88A9D7D32A5C5CFA00D4EEFF /* Products */ = {
			isa = PBXGroup;
			children = (
				88A9D7D22A5C5CFA00D4EEFF /* Simon.app */,
				88A9D7E82A5C5CFC00D4EEFF /* SimonTests.xctest */,
				88A9D7F22A5C5CFC00D4EEFF /* SimonUITests.xctest */,
			);
			name = Products;
			sourceTree = "<group>";
		};
		88A9D7D42A5C5CFA00D4EEFF /* Simon */ = {
			isa = PBXGroup;
			children = (
				88A9D7D52A5C5CFA00D4EEFF /* AppDelegate.swift */,
				88A9D7D72A5C5CFA00D4EEFF /* SceneDelegate.swift */,
				88A9D80B2A5EF5A000D4EEFF /* Models */,
				88A9D80D2A5EF5D400D4EEFF /* Views */,
				88A9D80C2A5EF5BB00D4EEFF /* Controllers */,
				88A9D7DE2A5C5CFC00D4EEFF /* Assets.xcassets */,
				88A9D7E02A5C5CFC00D4EEFF /* LaunchScreen.storyboard */,
				88A9D7E32A5C5CFC00D4EEFF /* Info.plist */,
			);
			path = Simon;
			sourceTree = "<group>";
		};
		88A9D7EB2A5C5CFC00D4EEFF /* SimonTests */ = {
			isa = PBXGroup;
			children = (
				88A9D7EC2A5C5CFC00D4EEFF /* SimonTests.swift */,
			);
			path = SimonTests;
			sourceTree = "<group>";
		};
		88A9D7F52A5C5CFC00D4EEFF /* SimonUITests */ = {
			isa = PBXGroup;
			children = (
				88A9D7F62A5C5CFC00D4EEFF /* SimonUITests.swift */,
				88A9D7F82A5C5CFC00D4EEFF /* SimonUITestsLaunchTests.swift */,
			);
			path = SimonUITests;
			sourceTree = "<group>";
		};
		88A9D80B2A5EF5A000D4EEFF /* Models */ = {
			isa = PBXGroup;
			children = (
				88A9D8052A5DEB1200D4EEFF /* HighScore.swift */,
				88A9D80E2A5EFF3200D4EEFF /* GameBrain.swift */,
			);
			path = Models;
			sourceTree = "<group>";
		};
		88A9D80C2A5EF5BB00D4EEFF /* Controllers */ = {
			isa = PBXGroup;
			children = (
				88A9D8072A5DEE3100D4EEFF /* ScoreController.swift */,
				88A9D8092A5EDB6600D4EEFF /* GameBoardViewController.swift */,
				88A9D7D92A5C5CFA00D4EEFF /* MenuViewController.swift */,
			);
			path = Controllers;
			sourceTree = "<group>";
		};
		88A9D80D2A5EF5D400D4EEFF /* Views */ = {
			isa = PBXGroup;
			children = (
				88A9D7DB2A5C5CFA00D4EEFF /* Main.storyboard */,
				88A9D8102A5F18A600D4EEFF /* ColoredButton.swift */,
			);
			path = Views;
			sourceTree = "<group>";
		};
/* End PBXGroup section */

/* Begin PBXNativeTarget section */
		88A9D7D12A5C5CFA00D4EEFF /* Simon */ = {
			isa = PBXNativeTarget;
			buildConfigurationList = 88A9D7FC2A5C5CFC00D4EEFF /* Build configuration list for PBXNativeTarget "Simon" */;
			buildPhases = (
				88A9D7CE2A5C5CFA00D4EEFF /* Sources */,
				88A9D7CF2A5C5CFA00D4EEFF /* Frameworks */,
				88A9D7D02A5C5CFA00D4EEFF /* Resources */,
			);
			buildRules = (
			);
			dependencies = (
			);
			name = Simon;
			productName = Simon;
			productReference = 88A9D7D22A5C5CFA00D4EEFF /* Simon.app */;
			productType = "com.apple.product-type.application";
		};
		88A9D7E72A5C5CFC00D4EEFF /* SimonTests */ = {
			isa = PBXNativeTarget;
			buildConfigurationList = 88A9D7FF2A5C5CFC00D4EEFF /* Build configuration list for PBXNativeTarget "SimonTests" */;
			buildPhases = (
				88A9D7E42A5C5CFC00D4EEFF /* Sources */,
				88A9D7E52A5C5CFC00D4EEFF /* Frameworks */,
				88A9D7E62A5C5CFC00D4EEFF /* Resources */,
			);
			buildRules = (
			);
			dependencies = (
				88A9D7EA2A5C5CFC00D4EEFF /* PBXTargetDependency */,
			);
			name = SimonTests;
			productName = SimonTests;
			productReference = 88A9D7E82A5C5CFC00D4EEFF /* SimonTests.xctest */;
			productType = "com.apple.product-type.bundle.unit-test";
		};
		88A9D7F12A5C5CFC00D4EEFF /* SimonUITests */ = {
			isa = PBXNativeTarget;
			buildConfigurationList = 88A9D8022A5C5CFC00D4EEFF /* Build configuration list for PBXNativeTarget "SimonUITests" */;
			buildPhases = (
				88A9D7EE2A5C5CFC00D4EEFF /* Sources */,
				88A9D7EF2A5C5CFC00D4EEFF /* Frameworks */,
				88A9D7F02A5C5CFC00D4EEFF /* Resources */,
			);
			buildRules = (
			);
			dependencies = (
				88A9D7F42A5C5CFC00D4EEFF /* PBXTargetDependency */,
			);
			name = SimonUITests;
			productName = SimonUITests;
			productReference = 88A9D7F22A5C5CFC00D4EEFF /* SimonUITests.xctest */;
			productType = "com.apple.product-type.bundle.ui-testing";
		};
/* End PBXNativeTarget section */

/* Begin PBXProject section */
		88A9D7CA2A5C5CFA00D4EEFF /* Project object */ = {
			isa = PBXProject;
			attributes = {
				BuildIndependentTargetsInParallel = 1;
				LastSwiftUpdateCheck = 1420;
				LastUpgradeCheck = 1420;
				TargetAttributes = {
					88A9D7D12A5C5CFA00D4EEFF = {
						CreatedOnToolsVersion = 14.2;
					};
					88A9D7E72A5C5CFC00D4EEFF = {
						CreatedOnToolsVersion = 14.2;
						TestTargetID = 88A9D7D12A5C5CFA00D4EEFF;
					};
					88A9D7F12A5C5CFC00D4EEFF = {
						CreatedOnToolsVersion = 14.2;
						TestTargetID = 88A9D7D12A5C5CFA00D4EEFF;
					};
				};
			};
			buildConfigurationList = 88A9D7CD2A5C5CFA00D4EEFF /* Build configuration list for PBXProject "Simon" */;
			compatibilityVersion = "Xcode 14.0";
			developmentRegion = en;
			hasScannedForEncodings = 0;
			knownRegions = (
				en,
				Base,
			);
			mainGroup = 88A9D7C92A5C5CFA00D4EEFF;
			productRefGroup = 88A9D7D32A5C5CFA00D4EEFF /* Products */;
			projectDirPath = "";
			projectRoot = "";
			targets = (
				88A9D7D12A5C5CFA00D4EEFF /* Simon */,
				88A9D7E72A5C5CFC00D4EEFF /* SimonTests */,
				88A9D7F12A5C5CFC00D4EEFF /* SimonUITests */,
			);
		};
/* End PBXProject section */

/* Begin PBXResourcesBuildPhase section */
		88A9D7D02A5C5CFA00D4EEFF /* Resources */ = {
			isa = PBXResourcesBuildPhase;
			buildActionMask = 2147483647;
			files = (
				88A9D7E22A5C5CFC00D4EEFF /* LaunchScreen.storyboard in Resources */,
				88A9D7DF2A5C5CFC00D4EEFF /* Assets.xcassets in Resources */,
				88A9D7DD2A5C5CFA00D4EEFF /* Main.storyboard in Resources */,
			);
			runOnlyForDeploymentPostprocessing = 0;
		};
		88A9D7E62A5C5CFC00D4EEFF /* Resources */ = {
			isa = PBXResourcesBuildPhase;
			buildActionMask = 2147483647;
			files = (
			);
			runOnlyForDeploymentPostprocessing = 0;
		};
		88A9D7F02A5C5CFC00D4EEFF /* Resources */ = {
			isa = PBXResourcesBuildPhase;
			buildActionMask = 2147483647;
			files = (
			);
			runOnlyForDeploymentPostprocessing = 0;
		};
/* End PBXResourcesBuildPhase section */

/* Begin PBXSourcesBuildPhase section */
		88A9D7CE2A5C5CFA00D4EEFF /* Sources */ = {
			isa = PBXSourcesBuildPhase;
			buildActionMask = 2147483647;
			files = (
				88A9D8082A5DEE3100D4EEFF /* ScoreController.swift in Sources */,
				88A9D7DA2A5C5CFA00D4EEFF /* MenuViewController.swift in Sources */,
				88A9D8112A5F18A600D4EEFF /* ColoredButton.swift in Sources */,
				88A9D80F2A5EFF3200D4EEFF /* GameBrain.swift in Sources */,
				88A9D7D62A5C5CFA00D4EEFF /* AppDelegate.swift in Sources */,
				88A9D8062A5DEB1200D4EEFF /* HighScore.swift in Sources */,
				88A9D7D82A5C5CFA00D4EEFF /* SceneDelegate.swift in Sources */,
				88A9D80A2A5EDB6600D4EEFF /* GameBoardViewController.swift in Sources */,
			);
			runOnlyForDeploymentPostprocessing = 0;
		};
		88A9D7E42A5C5CFC00D4EEFF /* Sources */ = {
			isa = PBXSourcesBuildPhase;
			buildActionMask = 2147483647;
			files = (
				88A9D7ED2A5C5CFC00D4EEFF /* SimonTests.swift in Sources */,
			);
			runOnlyForDeploymentPostprocessing = 0;
		};
		88A9D7EE2A5C5CFC00D4EEFF /* Sources */ = {
			isa = PBXSourcesBuildPhase;
			buildActionMask = 2147483647;
			files = (
				88A9D7F72A5C5CFC00D4EEFF /* SimonUITests.swift in Sources */,
				88A9D7F92A5C5CFC00D4EEFF /* SimonUITestsLaunchTests.swift in Sources */,
			);
			runOnlyForDeploymentPostprocessing = 0;
		};
/* End PBXSourcesBuildPhase section */

/* Begin PBXTargetDependency section */
		88A9D7EA2A5C5CFC00D4EEFF /* PBXTargetDependency */ = {
			isa = PBXTargetDependency;
			target = 88A9D7D12A5C5CFA00D4EEFF /* Simon */;
			targetProxy = 88A9D7E92A5C5CFC00D4EEFF /* PBXContainerItemProxy */;
		};
		88A9D7F42A5C5CFC00D4EEFF /* PBXTargetDependency */ = {
			isa = PBXTargetDependency;
			target = 88A9D7D12A5C5CFA00D4EEFF /* Simon */;
			targetProxy = 88A9D7F32A5C5CFC00D4EEFF /* PBXContainerItemProxy */;
		};
/* End PBXTargetDependency section */

/* Begin PBXVariantGroup section */
		88A9D7DB2A5C5CFA00D4EEFF /* Main.storyboard */ = {
			isa = PBXVariantGroup;
			children = (
				88A9D7DC2A5C5CFA00D4EEFF /* Base */,
			);
			name = Main.storyboard;
			sourceTree = "<group>";
		};
		88A9D7E02A5C5CFC00D4EEFF /* LaunchScreen.storyboard */ = {
			isa = PBXVariantGroup;
			children = (
				88A9D7E12A5C5CFC00D4EEFF /* Base */,
			);
			name = LaunchScreen.storyboard;
			sourceTree = "<group>";
		};
/* End PBXVariantGroup section */

/* Begin XCBuildConfiguration section */
		88A9D7FA2A5C5CFC00D4EEFF /* Debug */ = {
			isa = XCBuildConfiguration;
			buildSettings = {
				ALWAYS_SEARCH_USER_PATHS = NO;
				CLANG_ANALYZER_NONNULL = YES;
				CLANG_ANALYZER_NUMBER_OBJECT_CONVERSION = YES_AGGRESSIVE;
				CLANG_CXX_LANGUAGE_STANDARD = "gnu++20";
				CLANG_ENABLE_MODULES = YES;
				CLANG_ENABLE_OBJC_ARC = YES;
				CLANG_ENABLE_OBJC_WEAK = YES;
				CLANG_WARN_BLOCK_CAPTURE_AUTORELEASING = YES;
				CLANG_WARN_BOOL_CONVERSION = YES;
				CLANG_WARN_COMMA = YES;
				CLANG_WARN_CONSTANT_CONVERSION = YES;
				CLANG_WARN_DEPRECATED_OBJC_IMPLEMENTATIONS = YES;
				CLANG_WARN_DIRECT_OBJC_ISA_USAGE = YES_ERROR;
				CLANG_WARN_DOCUMENTATION_COMMENTS = YES;
				CLANG_WARN_EMPTY_BODY = YES;
				CLANG_WARN_ENUM_CONVERSION = YES;
				CLANG_WARN_INFINITE_RECURSION = YES;
				CLANG_WARN_INT_CONVERSION = YES;
				CLANG_WARN_NON_LITERAL_NULL_CONVERSION = YES;
				CLANG_WARN_OBJC_IMPLICIT_RETAIN_SELF = YES;
				CLANG_WARN_OBJC_LITERAL_CONVERSION = YES;
				CLANG_WARN_OBJC_ROOT_CLASS = YES_ERROR;
				CLANG_WARN_QUOTED_INCLUDE_IN_FRAMEWORK_HEADER = YES;
				CLANG_WARN_RANGE_LOOP_ANALYSIS = YES;
				CLANG_WARN_STRICT_PROTOTYPES = YES;
				CLANG_WARN_SUSPICIOUS_MOVE = YES;
				CLANG_WARN_UNGUARDED_AVAILABILITY = YES_AGGRESSIVE;
				CLANG_WARN_UNREACHABLE_CODE = YES;
				CLANG_WARN__DUPLICATE_METHOD_MATCH = YES;
				COPY_PHASE_STRIP = NO;
				DEBUG_INFORMATION_FORMAT = dwarf;
				ENABLE_STRICT_OBJC_MSGSEND = YES;
				ENABLE_TESTABILITY = YES;
				GCC_C_LANGUAGE_STANDARD = gnu11;
				GCC_DYNAMIC_NO_PIC = NO;
				GCC_NO_COMMON_BLOCKS = YES;
				GCC_OPTIMIZATION_LEVEL = 0;
				GCC_PREPROCESSOR_DEFINITIONS = (
					"DEBUG=1",
					"$(inherited)",
				);
				GCC_WARN_64_TO_32_BIT_CONVERSION = YES;
				GCC_WARN_ABOUT_RETURN_TYPE = YES_ERROR;
				GCC_WARN_UNDECLARED_SELECTOR = YES;
				GCC_WARN_UNINITIALIZED_AUTOS = YES_AGGRESSIVE;
				GCC_WARN_UNUSED_FUNCTION = YES;
				GCC_WARN_UNUSED_VARIABLE = YES;
				IPHONEOS_DEPLOYMENT_TARGET = 16.2;
				MTL_ENABLE_DEBUG_INFO = INCLUDE_SOURCE;
				MTL_FAST_MATH = YES;
				ONLY_ACTIVE_ARCH = YES;
				SDKROOT = iphoneos;
				SWIFT_ACTIVE_COMPILATION_CONDITIONS = DEBUG;
				SWIFT_OPTIMIZATION_LEVEL = "-Onone";
			};
			name = Debug;
		};
		88A9D7FB2A5C5CFC00D4EEFF /* Release */ = {
			isa = XCBuildConfiguration;
			buildSettings = {
				ALWAYS_SEARCH_USER_PATHS = NO;
				CLANG_ANALYZER_NONNULL = YES;
				CLANG_ANALYZER_NUMBER_OBJECT_CONVERSION = YES_AGGRESSIVE;
				CLANG_CXX_LANGUAGE_STANDARD = "gnu++20";
				CLANG_ENABLE_MODULES = YES;
				CLANG_ENABLE_OBJC_ARC = YES;
				CLANG_ENABLE_OBJC_WEAK = YES;
				CLANG_WARN_BLOCK_CAPTURE_AUTORELEASING = YES;
				CLANG_WARN_BOOL_CONVERSION = YES;
				CLANG_WARN_COMMA = YES;
				CLANG_WARN_CONSTANT_CONVERSION = YES;
				CLANG_WARN_DEPRECATED_OBJC_IMPLEMENTATIONS = YES;
				CLANG_WARN_DIRECT_OBJC_ISA_USAGE = YES_ERROR;
				CLANG_WARN_DOCUMENTATION_COMMENTS = YES;
				CLANG_WARN_EMPTY_BODY = YES;
				CLANG_WARN_ENUM_CONVERSION = YES;
				CLANG_WARN_INFINITE_RECURSION = YES;
				CLANG_WARN_INT_CONVERSION = YES;
				CLANG_WARN_NON_LITERAL_NULL_CONVERSION = YES;
				CLANG_WARN_OBJC_IMPLICIT_RETAIN_SELF = YES;
				CLANG_WARN_OBJC_LITERAL_CONVERSION = YES;
				CLANG_WARN_OBJC_ROOT_CLASS = YES_ERROR;
				CLANG_WARN_QUOTED_INCLUDE_IN_FRAMEWORK_HEADER = YES;
				CLANG_WARN_RANGE_LOOP_ANALYSIS = YES;
				CLANG_WARN_STRICT_PROTOTYPES = YES;
				CLANG_WARN_SUSPICIOUS_MOVE = YES;
				CLANG_WARN_UNGUARDED_AVAILABILITY = YES_AGGRESSIVE;
				CLANG_WARN_UNREACHABLE_CODE = YES;
				CLANG_WARN__DUPLICATE_METHOD_MATCH = YES;
				COPY_PHASE_STRIP = NO;
				DEBUG_INFORMATION_FORMAT = "dwarf-with-dsym";
				ENABLE_NS_ASSERTIONS = NO;
				ENABLE_STRICT_OBJC_MSGSEND = YES;
				GCC_C_LANGUAGE_STANDARD = gnu11;
				GCC_NO_COMMON_BLOCKS = YES;
				GCC_WARN_64_TO_32_BIT_CONVERSION = YES;
				GCC_WARN_ABOUT_RETURN_TYPE = YES_ERROR;
				GCC_WARN_UNDECLARED_SELECTOR = YES;
				GCC_WARN_UNINITIALIZED_AUTOS = YES_AGGRESSIVE;
				GCC_WARN_UNUSED_FUNCTION = YES;
				GCC_WARN_UNUSED_VARIABLE = YES;
				IPHONEOS_DEPLOYMENT_TARGET = 16.2;
				MTL_ENABLE_DEBUG_INFO = NO;
				MTL_FAST_MATH = YES;
				SDKROOT = iphoneos;
				SWIFT_COMPILATION_MODE = wholemodule;
				SWIFT_OPTIMIZATION_LEVEL = "-O";
				VALIDATE_PRODUCT = YES;
			};
			name = Release;
		};
		88A9D7FD2A5C5CFC00D4EEFF /* Debug */ = {
			isa = XCBuildConfiguration;
			buildSettings = {
				ASSETCATALOG_COMPILER_APPICON_NAME = AppIcon;
				ASSETCATALOG_COMPILER_GLOBAL_ACCENT_COLOR_NAME = AccentColor;
				CODE_SIGN_STYLE = Automatic;
				CURRENT_PROJECT_VERSION = 1;
				DEVELOPMENT_TEAM = 5ZQ7VKNX96;
				GENERATE_INFOPLIST_FILE = YES;
				INFOPLIST_FILE = Simon/Info.plist;
				INFOPLIST_KEY_UIApplicationSupportsIndirectInputEvents = YES;
				INFOPLIST_KEY_UILaunchStoryboardName = LaunchScreen;
				INFOPLIST_KEY_UIMainStoryboardFile = Main;
				INFOPLIST_KEY_UISupportedInterfaceOrientations_iPad = "UIInterfaceOrientationPortrait UIInterfaceOrientationPortraitUpsideDown UIInterfaceOrientationLandscapeLeft UIInterfaceOrientationLandscapeRight";
				INFOPLIST_KEY_UISupportedInterfaceOrientations_iPhone = "UIInterfaceOrientationPortrait UIInterfaceOrientationLandscapeLeft UIInterfaceOrientationLandscapeRight";
				LD_RUNPATH_SEARCH_PATHS = (
					"$(inherited)",
					"@executable_path/Frameworks",
				);
				MARKETING_VERSION = 1.0;
				PRODUCT_BUNDLE_IDENTIFIER = com.ar.tweetymente.Simon;
				PRODUCT_NAME = "$(TARGET_NAME)";
				SWIFT_EMIT_LOC_STRINGS = YES;
				SWIFT_VERSION = 5.0;
				TARGETED_DEVICE_FAMILY = "1,2";
			};
			name = Debug;
		};
		88A9D7FE2A5C5CFC00D4EEFF /* Release */ = {
			isa = XCBuildConfiguration;
			buildSettings = {
				ASSETCATALOG_COMPILER_APPICON_NAME = AppIcon;
				ASSETCATALOG_COMPILER_GLOBAL_ACCENT_COLOR_NAME = AccentColor;
				CODE_SIGN_STYLE = Automatic;
				CURRENT_PROJECT_VERSION = 1;
				DEVELOPMENT_TEAM = 5ZQ7VKNX96;
				GENERATE_INFOPLIST_FILE = YES;
				INFOPLIST_FILE = Simon/Info.plist;
				INFOPLIST_KEY_UIApplicationSupportsIndirectInputEvents = YES;
				INFOPLIST_KEY_UILaunchStoryboardName = LaunchScreen;
				INFOPLIST_KEY_UIMainStoryboardFile = Main;
				INFOPLIST_KEY_UISupportedInterfaceOrientations_iPad = "UIInterfaceOrientationPortrait UIInterfaceOrientationPortraitUpsideDown UIInterfaceOrientationLandscapeLeft UIInterfaceOrientationLandscapeRight";
				INFOPLIST_KEY_UISupportedInterfaceOrientations_iPhone = "UIInterfaceOrientationPortrait UIInterfaceOrientationLandscapeLeft UIInterfaceOrientationLandscapeRight";
				LD_RUNPATH_SEARCH_PATHS = (
					"$(inherited)",
					"@executable_path/Frameworks",
				);
				MARKETING_VERSION = 1.0;
				PRODUCT_BUNDLE_IDENTIFIER = com.ar.tweetymente.Simon;
				PRODUCT_NAME = "$(TARGET_NAME)";
				SWIFT_EMIT_LOC_STRINGS = YES;
				SWIFT_VERSION = 5.0;
				TARGETED_DEVICE_FAMILY = "1,2";
			};
			name = Release;
		};
		88A9D8002A5C5CFC00D4EEFF /* Debug */ = {
			isa = XCBuildConfiguration;
			buildSettings = {
				ALWAYS_EMBED_SWIFT_STANDARD_LIBRARIES = YES;
				BUNDLE_LOADER = "$(TEST_HOST)";
				CODE_SIGN_STYLE = Automatic;
				CURRENT_PROJECT_VERSION = 1;
				DEVELOPMENT_TEAM = 5ZQ7VKNX96;
				GENERATE_INFOPLIST_FILE = YES;
				IPHONEOS_DEPLOYMENT_TARGET = 16.2;
				MARKETING_VERSION = 1.0;
				PRODUCT_BUNDLE_IDENTIFIER = com.ar.tweetymente.SimonTests;
				PRODUCT_NAME = "$(TARGET_NAME)";
				SWIFT_EMIT_LOC_STRINGS = NO;
				SWIFT_VERSION = 5.0;
				TARGETED_DEVICE_FAMILY = "1,2";
				TEST_HOST = "$(BUILT_PRODUCTS_DIR)/Simon.app/$(BUNDLE_EXECUTABLE_FOLDER_PATH)/Simon";
			};
			name = Debug;
		};
		88A9D8012A5C5CFC00D4EEFF /* Release */ = {
			isa = XCBuildConfiguration;
			buildSettings = {
				ALWAYS_EMBED_SWIFT_STANDARD_LIBRARIES = YES;
				BUNDLE_LOADER = "$(TEST_HOST)";
				CODE_SIGN_STYLE = Automatic;
				CURRENT_PROJECT_VERSION = 1;
				DEVELOPMENT_TEAM = 5ZQ7VKNX96;
				GENERATE_INFOPLIST_FILE = YES;
				IPHONEOS_DEPLOYMENT_TARGET = 16.2;
				MARKETING_VERSION = 1.0;
				PRODUCT_BUNDLE_IDENTIFIER = com.ar.tweetymente.SimonTests;
				PRODUCT_NAME = "$(TARGET_NAME)";
				SWIFT_EMIT_LOC_STRINGS = NO;
				SWIFT_VERSION = 5.0;
				TARGETED_DEVICE_FAMILY = "1,2";
				TEST_HOST = "$(BUILT_PRODUCTS_DIR)/Simon.app/$(BUNDLE_EXECUTABLE_FOLDER_PATH)/Simon";
			};
			name = Release;
		};
		88A9D8032A5C5CFC00D4EEFF /* Debug */ = {
			isa = XCBuildConfiguration;
			buildSettings = {
				ALWAYS_EMBED_SWIFT_STANDARD_LIBRARIES = YES;
				CODE_SIGN_STYLE = Automatic;
				CURRENT_PROJECT_VERSION = 1;
				DEVELOPMENT_TEAM = 5ZQ7VKNX96;
				GENERATE_INFOPLIST_FILE = YES;
				MARKETING_VERSION = 1.0;
				PRODUCT_BUNDLE_IDENTIFIER = com.ar.tweetymente.SimonUITests;
				PRODUCT_NAME = "$(TARGET_NAME)";
				SWIFT_EMIT_LOC_STRINGS = NO;
				SWIFT_VERSION = 5.0;
				TARGETED_DEVICE_FAMILY = "1,2";
				TEST_TARGET_NAME = Simon;
			};
			name = Debug;
		};
		88A9D8042A5C5CFC00D4EEFF /* Release */ = {
			isa = XCBuildConfiguration;
			buildSettings = {
				ALWAYS_EMBED_SWIFT_STANDARD_LIBRARIES = YES;
				CODE_SIGN_STYLE = Automatic;
				CURRENT_PROJECT_VERSION = 1;
				DEVELOPMENT_TEAM = 5ZQ7VKNX96;
				GENERATE_INFOPLIST_FILE = YES;
				MARKETING_VERSION = 1.0;
				PRODUCT_BUNDLE_IDENTIFIER = com.ar.tweetymente.SimonUITests;
				PRODUCT_NAME = "$(TARGET_NAME)";
				SWIFT_EMIT_LOC_STRINGS = NO;
				SWIFT_VERSION = 5.0;
				TARGETED_DEVICE_FAMILY = "1,2";
				TEST_TARGET_NAME = Simon;
			};
			name = Release;
		};
/* End XCBuildConfiguration section */

/* Begin XCConfigurationList section */
		88A9D7CD2A5C5CFA00D4EEFF /* Build configuration list for PBXProject "Simon" */ = {
			isa = XCConfigurationList;
			buildConfigurations = (
				88A9D7FA2A5C5CFC00D4EEFF /* Debug */,
				88A9D7FB2A5C5CFC00D4EEFF /* Release */,
			);
			defaultConfigurationIsVisible = 0;
			defaultConfigurationName = Release;
		};
		88A9D7FC2A5C5CFC00D4EEFF /* Build configuration list for PBXNativeTarget "Simon" */ = {
			isa = XCConfigurationList;
			buildConfigurations = (
				88A9D7FD2A5C5CFC00D4EEFF /* Debug */,
				88A9D7FE2A5C5CFC00D4EEFF /* Release */,
			);
			defaultConfigurationIsVisible = 0;
			defaultConfigurationName = Release;
		};
		88A9D7FF2A5C5CFC00D4EEFF /* Build configuration list for PBXNativeTarget "SimonTests" */ = {
			isa = XCConfigurationList;
			buildConfigurations = (
				88A9D8002A5C5CFC00D4EEFF /* Debug */,
				88A9D8012A5C5CFC00D4EEFF /* Release */,
			);
			defaultConfigurationIsVisible = 0;
			defaultConfigurationName = Release;
		};
		88A9D8022A5C5CFC00D4EEFF /* Build configuration list for PBXNativeTarget "SimonUITests" */ = {
			isa = XCConfigurationList;
			buildConfigurations = (
				88A9D8032A5C5CFC00D4EEFF /* Debug */,
				88A9D8042A5C5CFC00D4EEFF /* Release */,
			);
			defaultConfigurationIsVisible = 0;
			defaultConfigurationName = Release;
		};
/* End XCConfigurationList section */
	};
	rootObject = 88A9D7CA2A5C5CFA00D4EEFF /* Project object */;
}
